
Microsoft Visual Studio Solution File, Format Version 12.00
# Visual Studio Version 16
VisualStudioVersion = 16.0.29306.81
MinimumVisualStudioVersion = 10.0.40219.1
Project("{FAE04EC0-301F-11D3-BF4B-00C04F79EFBC}") = "Zoo", "Zoo\Zoo.csproj", "{F3510EE7-603A-4907-B622-E2CF889EFAC0}"
EndProject
Global
	GlobalSection(SolutionConfigurationPlatforms) = preSolution
		Debug|Any CPU = Debug|Any CPU
		Release|Any CPU = Release|Any CPU
	EndGlobalSection
	GlobalSection(ProjectConfigurationPlatforms) = postSolution
		{F3510EE7-603A-4907-B622-E2CF889EFAC0}.Debug|Any CPU.ActiveCfg = Debug|Any CPU
		{F3510EE7-603A-4907-B622-E2CF889EFAC0}.Debug|Any CPU.Build.0 = Debug|Any CPU
		{F3510EE7-603A-4907-B622-E2CF889EFAC0}.Release|Any CPU.ActiveCfg = Release|Any CPU
		{F3510EE7-603A-4907-B622-E2CF889EFAC0}.Release|Any CPU.Build.0 = Release|Any CPU
	EndGlobalSection
	GlobalSection(SolutionProperties) = preSolution
		HideSolutionNode = FALSE
	EndGlobalSection
	GlobalSection(ExtensibilityGlobals) = postSolution
		SolutionGuid = {924EFCE4-233D-4B1B-A6F2-0B2A8C9EC921}
	EndGlobalSection
EndGlobal
